// !$*UTF8*$!
{
	archiveVersion = 1;
	classes = {
	};
	objectVersion = 56;
	objects = {

/* Begin PBXBuildFile section */
		883DB8392BDA791E003E878A /* GoogleService-Info.plist in Resources */ = {isa = PBXBuildFile; fileRef = 883DB8382BDA791E003E878A /* GoogleService-Info.plist */; };
		88CCEAB52BC408A600829826 /* NotesApp.swift in Sources */ = {isa = PBXBuildFile; fileRef = 88CCEAB42BC408A600829826 /* NotesApp.swift */; };
		88CCEAB92BC408A800829826 /* Assets.xcassets in Resources */ = {isa = PBXBuildFile; fileRef = 88CCEAB82BC408A800829826 /* Assets.xcassets */; };
		88CCEABC2BC408A800829826 /* Preview Assets.xcassets in Resources */ = {isa = PBXBuildFile; fileRef = 88CCEABB2BC408A800829826 /* Preview Assets.xcassets */; };
		88CCEAC42BC408E300829826 /* Note.swift in Sources */ = {isa = PBXBuildFile; fileRef = 88CCEAC32BC408E300829826 /* Note.swift */; };
		88CCEAC62BC40B2500829826 /* Note+Mocks.swift in Sources */ = {isa = PBXBuildFile; fileRef = 88CCEAC52BC40B2500829826 /* Note+Mocks.swift */; };
		88CCEAC92BC40B6600829826 /* NotesListScreen.swift in Sources */ = {isa = PBXBuildFile; fileRef = 88CCEAC82BC40B6600829826 /* NotesListScreen.swift */; };
		88CCEACB2BC4112600829826 /* NoteEditScreen.swift in Sources */ = {isa = PBXBuildFile; fileRef = 88CCEACA2BC4112600829826 /* NoteEditScreen.swift */; };
		88CCEAD12BC55F0700829826 /* NotesRepository.swift in Sources */ = {isa = PBXBuildFile; fileRef = 88CCEAD02BC55F0700829826 /* NotesRepository.swift */; };
		88CCEAD32BC563AF00829826 /* Note+Utilities.swift in Sources */ = {isa = PBXBuildFile; fileRef = 88CCEAD22BC563AF00829826 /* Note+Utilities.swift */; };
		88CCEAD62BC56EF400829826 /* NoteRowView.swift in Sources */ = {isa = PBXBuildFile; fileRef = 88CCEAD52BC56EF400829826 /* NoteRowView.swift */; };
		88CCEADB2BC5AE1600829826 /* FirebaseAuth in Frameworks */ = {isa = PBXBuildFile; productRef = 88CCEADA2BC5AE1600829826 /* FirebaseAuth */; };
		88CCEADD2BC5AE1600829826 /* FirebaseFirestore in Frameworks */ = {isa = PBXBuildFile; productRef = 88CCEADC2BC5AE1600829826 /* FirebaseFirestore */; };
		88CCEADF2BC5AE1600829826 /* FirebaseFunctions in Frameworks */ = {isa = PBXBuildFile; productRef = 88CCEADE2BC5AE1600829826 /* FirebaseFunctions */; };
		88CCEAF02BC937DE00829826 /* DebouncingTaskViewModifier.swift in Sources */ = {isa = PBXBuildFile; fileRef = 88CCEAEF2BC937DE00829826 /* DebouncingTaskViewModifier.swift */; };
/* End PBXBuildFile section */

/* Begin PBXFileReference section */
		883DB8382BDA791E003E878A /* GoogleService-Info.plist */ = {isa = PBXFileReference; fileEncoding = 4; lastKnownFileType = text.plist.xml; path = "GoogleService-Info.plist"; sourceTree = "<group>"; };
		88CCEAB12BC408A600829826 /* Notes.app */ = {isa = PBXFileReference; explicitFileType = wrapper.application; includeInIndex = 0; path = Notes.app; sourceTree = BUILT_PRODUCTS_DIR; };
		88CCEAB42BC408A600829826 /* NotesApp.swift */ = {isa = PBXFileReference; lastKnownFileType = sourcecode.swift; path = NotesApp.swift; sourceTree = "<group>"; };
		88CCEAB82BC408A800829826 /* Assets.xcassets */ = {isa = PBXFileReference; lastKnownFileType = folder.assetcatalog; path = Assets.xcassets; sourceTree = "<group>"; };
		88CCEABB2BC408A800829826 /* Preview Assets.xcassets */ = {isa = PBXFileReference; lastKnownFileType = folder.assetcatalog; path = "Preview Assets.xcassets"; sourceTree = "<group>"; };
		88CCEAC32BC408E300829826 /* Note.swift */ = {isa = PBXFileReference; lastKnownFileType = sourcecode.swift; path = Note.swift; sourceTree = "<group>"; };
		88CCEAC52BC40B2500829826 /* Note+Mocks.swift */ = {isa = PBXFileReference; lastKnownFileType = sourcecode.swift; path = "Note+Mocks.swift"; sourceTree = "<group>"; };
		88CCEAC82BC40B6600829826 /* NotesListScreen.swift */ = {isa = PBXFileReference; lastKnownFileType = sourcecode.swift; path = NotesListScreen.swift; sourceTree = "<group>"; };
		88CCEACA2BC4112600829826 /* NoteEditScreen.swift */ = {isa = PBXFileReference; lastKnownFileType = sourcecode.swift; path = NoteEditScreen.swift; sourceTree = "<group>"; };
		88CCEAD02BC55F0700829826 /* NotesRepository.swift */ = {isa = PBXFileReference; lastKnownFileType = sourcecode.swift; path = NotesRepository.swift; sourceTree = "<group>"; };
		88CCEAD22BC563AF00829826 /* Note+Utilities.swift */ = {isa = PBXFileReference; lastKnownFileType = sourcecode.swift; path = "Note+Utilities.swift"; sourceTree = "<group>"; };
		88CCEAD52BC56EF400829826 /* NoteRowView.swift */ = {isa = PBXFileReference; lastKnownFileType = sourcecode.swift; path = NoteRowView.swift; sourceTree = "<group>"; };
		88CCEAEF2BC937DE00829826 /* DebouncingTaskViewModifier.swift */ = {isa = PBXFileReference; lastKnownFileType = sourcecode.swift; path = DebouncingTaskViewModifier.swift; sourceTree = "<group>"; };
/* End PBXFileReference section */

/* Begin PBXFrameworksBuildPhase section */
		88CCEAAE2BC408A600829826 /* Frameworks */ = {
			isa = PBXFrameworksBuildPhase;
			buildActionMask = 2147483647;
			files = (
				88CCEADF2BC5AE1600829826 /* FirebaseFunctions in Frameworks */,
				88CCEADB2BC5AE1600829826 /* FirebaseAuth in Frameworks */,
				88CCEADD2BC5AE1600829826 /* FirebaseFirestore in Frameworks */,
			);
			runOnlyForDeploymentPostprocessing = 0;
		};
/* End PBXFrameworksBuildPhase section */

/* Begin PBXGroup section */
		88CCEAA82BC408A600829826 = {
			isa = PBXGroup;
			children = (
				88CCEAB32BC408A600829826 /* Notes */,
				88CCEAB22BC408A600829826 /* Products */,
			);
			sourceTree = "<group>";
		};
		88CCEAB22BC408A600829826 /* Products */ = {
			isa = PBXGroup;
			children = (
				88CCEAB12BC408A600829826 /* Notes.app */,
			);
			name = Products;
			sourceTree = "<group>";
		};
		88CCEAB32BC408A600829826 /* Notes */ = {
			isa = PBXGroup;
			children = (
				88CCEACF2BC55ECF00829826 /* Services */,
				88CCEAC22BC408D100829826 /* Model */,
				88CCEAD42BC56EE300829826 /* Views */,
				88CCEAEE2BC937C500829826 /* ViewModifiers */,
				88CCEAC72BC40B4A00829826 /* Screens */,
				88CCEAB42BC408A600829826 /* NotesApp.swift */,
				88CCEAB82BC408A800829826 /* Assets.xcassets */,
				883DB8382BDA791E003E878A /* GoogleService-Info.plist */,
				88CCEABA2BC408A800829826 /* Preview Content */,
			);
			path = Notes;
			sourceTree = "<group>";
		};
		88CCEABA2BC408A800829826 /* Preview Content */ = {
			isa = PBXGroup;
			children = (
				88CCEABB2BC408A800829826 /* Preview Assets.xcassets */,
			);
			path = "Preview Content";
			sourceTree = "<group>";
		};
		88CCEAC22BC408D100829826 /* Model */ = {
			isa = PBXGroup;
			children = (
				88CCEAC32BC408E300829826 /* Note.swift */,
				88CCEAC52BC40B2500829826 /* Note+Mocks.swift */,
				88CCEAD22BC563AF00829826 /* Note+Utilities.swift */,
			);
			path = Model;
			sourceTree = "<group>";
		};
		88CCEAC72BC40B4A00829826 /* Screens */ = {
			isa = PBXGroup;
			children = (
				88CCEAC82BC40B6600829826 /* NotesListScreen.swift */,
				88CCEACA2BC4112600829826 /* NoteEditScreen.swift */,
			);
			path = Screens;
			sourceTree = "<group>";
		};
		88CCEACF2BC55ECF00829826 /* Services */ = {
			isa = PBXGroup;
			children = (
				88CCEAD02BC55F0700829826 /* NotesRepository.swift */,
			);
			path = Services;
			sourceTree = "<group>";
		};
		88CCEAD42BC56EE300829826 /* Views */ = {
			isa = PBXGroup;
			children = (
				88CCEAD52BC56EF400829826 /* NoteRowView.swift */,
			);
			path = Views;
			sourceTree = "<group>";
		};
		88CCEAEE2BC937C500829826 /* ViewModifiers */ = {
			isa = PBXGroup;
			children = (
				88CCEAEF2BC937DE00829826 /* DebouncingTaskViewModifier.swift */,
			);
			path = ViewModifiers;
			sourceTree = "<group>";
		};
/* End PBXGroup section */

/* Begin PBXNativeTarget section */
		88CCEAB02BC408A600829826 /* Notes */ = {
			isa = PBXNativeTarget;
			buildConfigurationList = 88CCEABF2BC408A800829826 /* Build configuration list for PBXNativeTarget "Notes" */;
			buildPhases = (
				88CCEAAD2BC408A600829826 /* Sources */,
				88CCEAAE2BC408A600829826 /* Frameworks */,
				88CCEAAF2BC408A600829826 /* Resources */,
			);
			buildRules = (
			);
			dependencies = (
			);
			name = Notes;
			packageProductDependencies = (
				88CCEADA2BC5AE1600829826 /* FirebaseAuth */,
				88CCEADC2BC5AE1600829826 /* FirebaseFirestore */,
				88CCEADE2BC5AE1600829826 /* FirebaseFunctions */,
			);
			productName = Notes;
			productReference = 88CCEAB12BC408A600829826 /* Notes.app */;
			productType = "com.apple.product-type.application";
		};
/* End PBXNativeTarget section */

/* Begin PBXProject section */
		88CCEAA92BC408A600829826 /* Project object */ = {
			isa = PBXProject;
			attributes = {
				BuildIndependentTargetsInParallel = 1;
				LastSwiftUpdateCheck = 1530;
				LastUpgradeCheck = 1530;
				TargetAttributes = {
					88CCEAB02BC408A600829826 = {
						CreatedOnToolsVersion = 15.3;
					};
				};
			};
			buildConfigurationList = 88CCEAAC2BC408A600829826 /* Build configuration list for PBXProject "Notes" */;
			compatibilityVersion = "Xcode 14.0";
			developmentRegion = en;
			hasScannedForEncodings = 0;
			knownRegions = (
				en,
				Base,
			);
			mainGroup = 88CCEAA82BC408A600829826;
			packageReferences = (
				88CCEAD92BC5AE1600829826 /* XCRemoteSwiftPackageReference "firebase-ios-sdk" */,
			);
			productRefGroup = 88CCEAB22BC408A600829826 /* Products */;
			projectDirPath = "";
			projectRoot = "";
			targets = (
				88CCEAB02BC408A600829826 /* Notes */,
			);
		};
/* End PBXProject section */

/* Begin PBXResourcesBuildPhase section */
		88CCEAAF2BC408A600829826 /* Resources */ = {
			isa = PBXResourcesBuildPhase;
			buildActionMask = 2147483647;
			files = (
				88CCEABC2BC408A800829826 /* Preview Assets.xcassets in Resources */,
				883DB8392BDA791E003E878A /* GoogleService-Info.plist in Resources */,
				88CCEAB92BC408A800829826 /* Assets.xcassets in Resources */,
			);
			runOnlyForDeploymentPostprocessing = 0;
		};
/* End PBXResourcesBuildPhase section */

/* Begin PBXSourcesBuildPhase section */
		88CCEAAD2BC408A600829826 /* Sources */ = {
			isa = PBXSourcesBuildPhase;
			buildActionMask = 2147483647;
			files = (
				88CCEAD32BC563AF00829826 /* Note+Utilities.swift in Sources */,
				88CCEAC62BC40B2500829826 /* Note+Mocks.swift in Sources */,
				88CCEAB52BC408A600829826 /* NotesApp.swift in Sources */,
				88CCEACB2BC4112600829826 /* NoteEditScreen.swift in Sources */,
				88CCEAC42BC408E300829826 /* Note.swift in Sources */,
				88CCEAD62BC56EF400829826 /* NoteRowView.swift in Sources */,
				88CCEAC92BC40B6600829826 /* NotesListScreen.swift in Sources */,
				88CCEAD12BC55F0700829826 /* NotesRepository.swift in Sources */,
				88CCEAF02BC937DE00829826 /* DebouncingTaskViewModifier.swift in Sources */,
			);
			runOnlyForDeploymentPostprocessing = 0;
		};
/* End PBXSourcesBuildPhase section */

/* Begin XCBuildConfiguration section */
		88CCEABD2BC408A800829826 /* Debug */ = {
			isa = XCBuildConfiguration;
			buildSettings = {
				ALWAYS_SEARCH_USER_PATHS = NO;
				ASSETCATALOG_COMPILER_GENERATE_SWIFT_ASSET_SYMBOL_EXTENSIONS = YES;
				CLANG_ANALYZER_NONNULL = YES;
				CLANG_ANALYZER_NUMBER_OBJECT_CONVERSION = YES_AGGRESSIVE;
				CLANG_CXX_LANGUAGE_STANDARD = "gnu++20";
				CLANG_ENABLE_MODULES = YES;
				CLANG_ENABLE_OBJC_ARC = YES;
				CLANG_ENABLE_OBJC_WEAK = YES;
				CLANG_WARN_BLOCK_CAPTURE_AUTORELEASING = YES;
				CLANG_WARN_BOOL_CONVERSION = YES;
				CLANG_WARN_COMMA = YES;
				CLANG_WARN_CONSTANT_CONVERSION = YES;
				CLANG_WARN_DEPRECATED_OBJC_IMPLEMENTATIONS = YES;
				CLANG_WARN_DIRECT_OBJC_ISA_USAGE = YES_ERROR;
				CLANG_WARN_DOCUMENTATION_COMMENTS = YES;
				CLANG_WARN_EMPTY_BODY = YES;
				CLANG_WARN_ENUM_CONVERSION = YES;
				CLANG_WARN_INFINITE_RECURSION = YES;
				CLANG_WARN_INT_CONVERSION = YES;
				CLANG_WARN_NON_LITERAL_NULL_CONVERSION = YES;
				CLANG_WARN_OBJC_IMPLICIT_RETAIN_SELF = YES;
				CLANG_WARN_OBJC_LITERAL_CONVERSION = YES;
				CLANG_WARN_OBJC_ROOT_CLASS = YES_ERROR;
				CLANG_WARN_QUOTED_INCLUDE_IN_FRAMEWORK_HEADER = YES;
				CLANG_WARN_RANGE_LOOP_ANALYSIS = YES;
				CLANG_WARN_STRICT_PROTOTYPES = YES;
				CLANG_WARN_SUSPICIOUS_MOVE = YES;
				CLANG_WARN_UNGUARDED_AVAILABILITY = YES_AGGRESSIVE;
				CLANG_WARN_UNREACHABLE_CODE = YES;
				CLANG_WARN__DUPLICATE_METHOD_MATCH = YES;
				COPY_PHASE_STRIP = NO;
				DEBUG_INFORMATION_FORMAT = dwarf;
				ENABLE_STRICT_OBJC_MSGSEND = YES;
				ENABLE_TESTABILITY = YES;
				ENABLE_USER_SCRIPT_SANDBOXING = YES;
				GCC_C_LANGUAGE_STANDARD = gnu17;
				GCC_DYNAMIC_NO_PIC = NO;
				GCC_NO_COMMON_BLOCKS = YES;
				GCC_OPTIMIZATION_LEVEL = 0;
				GCC_PREPROCESSOR_DEFINITIONS = (
					"DEBUG=1",
					"$(inherited)",
				);
				GCC_WARN_64_TO_32_BIT_CONVERSION = YES;
				GCC_WARN_ABOUT_RETURN_TYPE = YES_ERROR;
				GCC_WARN_UNDECLARED_SELECTOR = YES;
				GCC_WARN_UNINITIALIZED_AUTOS = YES_AGGRESSIVE;
				GCC_WARN_UNUSED_FUNCTION = YES;
				GCC_WARN_UNUSED_VARIABLE = YES;
				IPHONEOS_DEPLOYMENT_TARGET = 17.4;
				LOCALIZATION_PREFERS_STRING_CATALOGS = YES;
				MTL_ENABLE_DEBUG_INFO = INCLUDE_SOURCE;
				MTL_FAST_MATH = YES;
				ONLY_ACTIVE_ARCH = YES;
				SDKROOT = iphoneos;
				SWIFT_ACTIVE_COMPILATION_CONDITIONS = "DEBUG $(inherited)";
				SWIFT_OPTIMIZATION_LEVEL = "-Onone";
			};
			name = Debug;
		};
		88CCEABE2BC408A800829826 /* Release */ = {
			isa = XCBuildConfiguration;
			buildSettings = {
				ALWAYS_SEARCH_USER_PATHS = NO;
				ASSETCATALOG_COMPILER_GENERATE_SWIFT_ASSET_SYMBOL_EXTENSIONS = YES;
				CLANG_ANALYZER_NONNULL = YES;
				CLANG_ANALYZER_NUMBER_OBJECT_CONVERSION = YES_AGGRESSIVE;
				CLANG_CXX_LANGUAGE_STANDARD = "gnu++20";
				CLANG_ENABLE_MODULES = YES;
				CLANG_ENABLE_OBJC_ARC = YES;
				CLANG_ENABLE_OBJC_WEAK = YES;
				CLANG_WARN_BLOCK_CAPTURE_AUTORELEASING = YES;
				CLANG_WARN_BOOL_CONVERSION = YES;
				CLANG_WARN_COMMA = YES;
				CLANG_WARN_CONSTANT_CONVERSION = YES;
				CLANG_WARN_DEPRECATED_OBJC_IMPLEMENTATIONS = YES;
				CLANG_WARN_DIRECT_OBJC_ISA_USAGE = YES_ERROR;
				CLANG_WARN_DOCUMENTATION_COMMENTS = YES;
				CLANG_WARN_EMPTY_BODY = YES;
				CLANG_WARN_ENUM_CONVERSION = YES;
				CLANG_WARN_INFINITE_RECURSION = YES;
				CLANG_WARN_INT_CONVERSION = YES;
				CLANG_WARN_NON_LITERAL_NULL_CONVERSION = YES;
				CLANG_WARN_OBJC_IMPLICIT_RETAIN_SELF = YES;
				CLANG_WARN_OBJC_LITERAL_CONVERSION = YES;
				CLANG_WARN_OBJC_ROOT_CLASS = YES_ERROR;
				CLANG_WARN_QUOTED_INCLUDE_IN_FRAMEWORK_HEADER = YES;
				CLANG_WARN_RANGE_LOOP_ANALYSIS = YES;
				CLANG_WARN_STRICT_PROTOTYPES = YES;
				CLANG_WARN_SUSPICIOUS_MOVE = YES;
				CLANG_WARN_UNGUARDED_AVAILABILITY = YES_AGGRESSIVE;
				CLANG_WARN_UNREACHABLE_CODE = YES;
				CLANG_WARN__DUPLICATE_METHOD_MATCH = YES;
				COPY_PHASE_STRIP = NO;
				DEBUG_INFORMATION_FORMAT = "dwarf-with-dsym";
				ENABLE_NS_ASSERTIONS = NO;
				ENABLE_STRICT_OBJC_MSGSEND = YES;
				ENABLE_USER_SCRIPT_SANDBOXING = YES;
				GCC_C_LANGUAGE_STANDARD = gnu17;
				GCC_NO_COMMON_BLOCKS = YES;
				GCC_WARN_64_TO_32_BIT_CONVERSION = YES;
				GCC_WARN_ABOUT_RETURN_TYPE = YES_ERROR;
				GCC_WARN_UNDECLARED_SELECTOR = YES;
				GCC_WARN_UNINITIALIZED_AUTOS = YES_AGGRESSIVE;
				GCC_WARN_UNUSED_FUNCTION = YES;
				GCC_WARN_UNUSED_VARIABLE = YES;
				IPHONEOS_DEPLOYMENT_TARGET = 17.4;
				LOCALIZATION_PREFERS_STRING_CATALOGS = YES;
				MTL_ENABLE_DEBUG_INFO = NO;
				MTL_FAST_MATH = YES;
				SDKROOT = iphoneos;
				SWIFT_COMPILATION_MODE = wholemodule;
				VALIDATE_PRODUCT = YES;
			};
			name = Release;
		};
		88CCEAC02BC408A800829826 /* Debug */ = {
			isa = XCBuildConfiguration;
			buildSettings = {
				ASSETCATALOG_COMPILER_APPICON_NAME = AppIcon;
				ASSETCATALOG_COMPILER_GLOBAL_ACCENT_COLOR_NAME = AccentColor;
				CODE_SIGN_STYLE = Automatic;
				CURRENT_PROJECT_VERSION = 1;
				DEVELOPMENT_ASSET_PATHS = "\"Notes/Preview Content\"";
				DEVELOPMENT_TEAM = YGAZHQXHH4;
				ENABLE_PREVIEWS = YES;
				GENERATE_INFOPLIST_FILE = YES;
				INFOPLIST_KEY_UIApplicationSceneManifest_Generation = YES;
				INFOPLIST_KEY_UIApplicationSupportsIndirectInputEvents = YES;
				INFOPLIST_KEY_UILaunchScreen_Generation = YES;
				INFOPLIST_KEY_UISupportedInterfaceOrientations_iPad = "UIInterfaceOrientationPortrait UIInterfaceOrientationPortraitUpsideDown UIInterfaceOrientationLandscapeLeft UIInterfaceOrientationLandscapeRight";
				INFOPLIST_KEY_UISupportedInterfaceOrientations_iPhone = "UIInterfaceOrientationPortrait UIInterfaceOrientationLandscapeLeft UIInterfaceOrientationLandscapeRight";
				LD_RUNPATH_SEARCH_PATHS = (
					"$(inherited)",
					"@executable_path/Frameworks",
				);
				MARKETING_VERSION = 1.0;
				PRODUCT_BUNDLE_IDENTIFIER = com.google.firebase.codelab.Notes;
				PRODUCT_NAME = "$(TARGET_NAME)";
				SWIFT_EMIT_LOC_STRINGS = YES;
				SWIFT_VERSION = 5.0;
				TARGETED_DEVICE_FAMILY = "1,2";
			};
			name = Debug;
		};
		88CCEAC12BC408A800829826 /* Release */ = {
			isa = XCBuildConfiguration;
			buildSettings = {
				ASSETCATALOG_COMPILER_APPICON_NAME = AppIcon;
				ASSETCATALOG_COMPILER_GLOBAL_ACCENT_COLOR_NAME = AccentColor;
				CODE_SIGN_STYLE = Automatic;
				CURRENT_PROJECT_VERSION = 1;
				DEVELOPMENT_ASSET_PATHS = "\"Notes/Preview Content\"";
				DEVELOPMENT_TEAM = YGAZHQXHH4;
				ENABLE_PREVIEWS = YES;
				GENERATE_INFOPLIST_FILE = YES;
				INFOPLIST_KEY_UIApplicationSceneManifest_Generation = YES;
				INFOPLIST_KEY_UIApplicationSupportsIndirectInputEvents = YES;
				INFOPLIST_KEY_UILaunchScreen_Generation = YES;
				INFOPLIST_KEY_UISupportedInterfaceOrientations_iPad = "UIInterfaceOrientationPortrait UIInterfaceOrientationPortraitUpsideDown UIInterfaceOrientationLandscapeLeft UIInterfaceOrientationLandscapeRight";
				INFOPLIST_KEY_UISupportedInterfaceOrientations_iPhone = "UIInterfaceOrientationPortrait UIInterfaceOrientationLandscapeLeft UIInterfaceOrientationLandscapeRight";
				LD_RUNPATH_SEARCH_PATHS = (
					"$(inherited)",
					"@executable_path/Frameworks",
				);
				MARKETING_VERSION = 1.0;
				PRODUCT_BUNDLE_IDENTIFIER = com.google.firebase.codelab.Notes;
				PRODUCT_NAME = "$(TARGET_NAME)";
				SWIFT_EMIT_LOC_STRINGS = YES;
				SWIFT_VERSION = 5.0;
				TARGETED_DEVICE_FAMILY = "1,2";
			};
			name = Release;
		};
/* End XCBuildConfiguration section */

/* Begin XCConfigurationList section */
		88CCEAAC2BC408A600829826 /* Build configuration list for PBXProject "Notes" */ = {
			isa = XCConfigurationList;
			buildConfigurations = (
				88CCEABD2BC408A800829826 /* Debug */,
				88CCEABE2BC408A800829826 /* Release */,
			);
			defaultConfigurationIsVisible = 0;
			defaultConfigurationName = Release;
		};
		88CCEABF2BC408A800829826 /* Build configuration list for PBXNativeTarget "Notes" */ = {
			isa = XCConfigurationList;
			buildConfigurations = (
				88CCEAC02BC408A800829826 /* Debug */,
				88CCEAC12BC408A800829826 /* Release */,
			);
			defaultConfigurationIsVisible = 0;
			defaultConfigurationName = Release;
		};
/* End XCConfigurationList section */

/* Begin XCRemoteSwiftPackageReference section */
		88CCEAD92BC5AE1600829826 /* XCRemoteSwiftPackageReference "firebase-ios-sdk" */ = {
			isa = XCRemoteSwiftPackageReference;
			repositoryURL = "https://github.com/firebase/firebase-ios-sdk.git";
			requirement = {
				kind = upToNextMajorVersion;
				minimumVersion = 10.24.0;
			};
		};
/* End XCRemoteSwiftPackageReference section */

/* Begin XCSwiftPackageProductDependency section */
		88CCEADA2BC5AE1600829826 /* FirebaseAuth */ = {
			isa = XCSwiftPackageProductDependency;
			package = 88CCEAD92BC5AE1600829826 /* XCRemoteSwiftPackageReference "firebase-ios-sdk" */;
			productName = FirebaseAuth;
		};
		88CCEADC2BC5AE1600829826 /* FirebaseFirestore */ = {
			isa = XCSwiftPackageProductDependency;
			package = 88CCEAD92BC5AE1600829826 /* XCRemoteSwiftPackageReference "firebase-ios-sdk" */;
			productName = FirebaseFirestore;
		};
		88CCEADE2BC5AE1600829826 /* FirebaseFunctions */ = {
			isa = XCSwiftPackageProductDependency;
			package = 88CCEAD92BC5AE1600829826 /* XCRemoteSwiftPackageReference "firebase-ios-sdk" */;
			productName = FirebaseFunctions;
		};
/* End XCSwiftPackageProductDependency section */
	};
	rootObject = 88CCEAA92BC408A600829826 /* Project object */;
}
